
Microsoft Visual Studio Solution File, Format Version 12.00
# Visual Studio Version 16
VisualStudioVersion = 16.0.33027.164
MinimumVisualStudioVersion = 10.0.40219.1
Project("{FAE04EC0-301F-11D3-BF4B-00C04F79EFBC}") = "Nurgül Eylül Aydoğan 201103046", "Nurgül Eylül Aydoğan 201103046\Nurgül Eylül Aydoğan 201103046.csproj", "{3884D262-F91F-4DDA-9F9A-113B8EC1D88D}"
EndProject
Global
	GlobalSection(SolutionConfigurationPlatforms) = preSolution
		Debug|Any CPU = Debug|Any CPU
		Release|Any CPU = Release|Any CPU
	EndGlobalSection
	GlobalSection(ProjectConfigurationPlatforms) = postSolution
		{3884D262-F91F-4DDA-9F9A-113B8EC1D88D}.Debug|Any CPU.ActiveCfg = Debug|Any CPU
		{3884D262-F91F-4DDA-9F9A-113B8EC1D88D}.Debug|Any CPU.Build.0 = Debug|Any CPU
		{3884D262-F91F-4DDA-9F9A-113B8EC1D88D}.Release|Any CPU.ActiveCfg = Release|Any CPU
		{3884D262-F91F-4DDA-9F9A-113B8EC1D88D}.Release|Any CPU.Build.0 = Release|Any CPU
	EndGlobalSection
	GlobalSection(SolutionProperties) = preSolution
		HideSolutionNode = FALSE
	EndGlobalSection
	GlobalSection(ExtensibilityGlobals) = postSolution
		SolutionGuid = {4577B832-BFE2-49F5-A1BF-BB69FFD70A6C}
	EndGlobalSection
EndGlobal
